// !$*UTF8*$!
{
	archiveVersion = 1;
	classes = {
	};
	objectVersion = 56;
	objects = {

/* Begin PBXBuildFile section */
		284DF3CC29C9FD2200EBFE73 /* AppDelegate.swift in Sources */ = {isa = PBXBuildFile; fileRef = 284DF3CB29C9FD2200EBFE73 /* AppDelegate.swift */; };
		284DF3CE29C9FD2200EBFE73 /* SceneDelegate.swift in Sources */ = {isa = PBXBuildFile; fileRef = 284DF3CD29C9FD2200EBFE73 /* SceneDelegate.swift */; };
		284DF3D029C9FD2200EBFE73 /* HomeViewController.swift in Sources */ = {isa = PBXBuildFile; fileRef = 284DF3CF29C9FD2200EBFE73 /* HomeViewController.swift */; };
		284DF3D329C9FD2200EBFE73 /* Main.storyboard in Resources */ = {isa = PBXBuildFile; fileRef = 284DF3D129C9FD2200EBFE73 /* Main.storyboard */; };
		284DF3D829C9FD2400EBFE73 /* LaunchScreen.storyboard in Resources */ = {isa = PBXBuildFile; fileRef = 284DF3D629C9FD2400EBFE73 /* LaunchScreen.storyboard */; };
		284DF3E129CA21A100EBFE73 /* UserViewController.swift in Sources */ = {isa = PBXBuildFile; fileRef = 284DF3E029CA21A100EBFE73 /* UserViewController.swift */; };
		284DF3E829CA2E7500EBFE73 /* Assets.xcassets in Resources */ = {isa = PBXBuildFile; fileRef = 284DF3E729CA2E7500EBFE73 /* Assets.xcassets */; };
		284DF3EA29CA2EA200EBFE73 /* top_banner.png in Resources */ = {isa = PBXBuildFile; fileRef = 284DF3E929CA2EA200EBFE73 /* top_banner.png */; };
		284DF3EC29CA453200EBFE73 /* fork.png in Resources */ = {isa = PBXBuildFile; fileRef = 284DF3EB29CA453200EBFE73 /* fork.png */; };
		284DF3EE29CA4DF800EBFE73 /* LogInViewController.swift in Sources */ = {isa = PBXBuildFile; fileRef = 284DF3ED29CA4DF800EBFE73 /* LogInViewController.swift */; };
		284DF3F229CA651B00EBFE73 /* SignUpViewController.swift in Sources */ = {isa = PBXBuildFile; fileRef = 284DF3F129CA651B00EBFE73 /* SignUpViewController.swift */; };
		284DF3F629CA868100EBFE73 /* CartViewController.swift in Sources */ = {isa = PBXBuildFile; fileRef = 284DF3F529CA868100EBFE73 /* CartViewController.swift */; };
		3FBF002729CAA0C7007BBCFA /* TableViewCell.swift in Sources */ = {isa = PBXBuildFile; fileRef = 3FBF002529CAA0C7007BBCFA /* TableViewCell.swift */; };
		3FBF002829CAA0C7007BBCFA /* TableViewCell.xib in Resources */ = {isa = PBXBuildFile; fileRef = 3FBF002629CAA0C7007BBCFA /* TableViewCell.xib */; };
		3FBF002C29CAA38C007BBCFA /* RallyDataSource.swift in Sources */ = {isa = PBXBuildFile; fileRef = 3FBF002A29CAA38C007BBCFA /* RallyDataSource.swift */; };
		3FBF002D29CAA38C007BBCFA /* RallyData.swift in Sources */ = {isa = PBXBuildFile; fileRef = 3FBF002B29CAA38C007BBCFA /* RallyData.swift */; };
		F632410629CBE8D5003C0080 /* AlertManager.swift in Sources */ = {isa = PBXBuildFile; fileRef = F632410529CBE8D5003C0080 /* AlertManager.swift */; };
		F6F14F8829CB9EB8006C86CB /* UserAuth.swift in Sources */ = {isa = PBXBuildFile; fileRef = F6F14F8729CB9EB8006C86CB /* UserAuth.swift */; };
		F6F14F8A29CBAF47006C86CB /* PlateDetailsViewController.swift in Sources */ = {isa = PBXBuildFile; fileRef = F6F14F8929CBAF47006C86CB /* PlateDetailsViewController.swift */; };
		F6F14F8D29CBB031006C86CB /* HomeTableViewDelegate.swift in Sources */ = {isa = PBXBuildFile; fileRef = F6F14F8C29CBB031006C86CB /* HomeTableViewDelegate.swift */; };
		F6F14F9029CBCE54006C86CB /* CartItemCellTableViewCell.swift in Sources */ = {isa = PBXBuildFile; fileRef = F6F14F8E29CBCE54006C86CB /* CartItemCellTableViewCell.swift */; };
		F6F14F9129CBCE54006C86CB /* CartItemCellTableViewCell.xib in Resources */ = {isa = PBXBuildFile; fileRef = F6F14F8F29CBCE54006C86CB /* CartItemCellTableViewCell.xib */; };
		F6F14F9329CBD019006C86CB /* CartTableViewAdapter.swift in Sources */ = {isa = PBXBuildFile; fileRef = F6F14F9229CBD019006C86CB /* CartTableViewAdapter.swift */; };
		F6F14F9529CBD628006C86CB /* CartTableViewDelegate.swift in Sources */ = {isa = PBXBuildFile; fileRef = F6F14F9429CBD628006C86CB /* CartTableViewDelegate.swift */; };
		F6F4D3E229CC137500058B88 /* CheckoutViewController.swift in Sources */ = {isa = PBXBuildFile; fileRef = F6F4D3E129CC137500058B88 /* CheckoutViewController.swift */; };
		F6F4D3E529CC186100058B88 /* OrderItemCell.swift in Sources */ = {isa = PBXBuildFile; fileRef = F6F4D3E329CC186100058B88 /* OrderItemCell.swift */; };
		F6F4D3E629CC186100058B88 /* OrderItemCell.xib in Resources */ = {isa = PBXBuildFile; fileRef = F6F4D3E429CC186100058B88 /* OrderItemCell.xib */; };
		F6F4D3E829CC1BA700058B88 /* OrderModels.swift in Sources */ = {isa = PBXBuildFile; fileRef = F6F4D3E729CC1BA700058B88 /* OrderModels.swift */; };
		F6F4D3EA29CC1E1500058B88 /* OrderlistTableViewAdapter.swift in Sources */ = {isa = PBXBuildFile; fileRef = F6F4D3E929CC1E1500058B88 /* OrderlistTableViewAdapter.swift */; };
		F6F4D3EC29CC2AA700058B88 /* AddressModel.swift in Sources */ = {isa = PBXBuildFile; fileRef = F6F4D3EB29CC2AA700058B88 /* AddressModel.swift */; };
		F6F4D3F129CC2FAC00058B88 /* AddressItemCell.swift in Sources */ = {isa = PBXBuildFile; fileRef = F6F4D3EF29CC2FAC00058B88 /* AddressItemCell.swift */; };
		F6F4D3F229CC2FAC00058B88 /* AddressItemCell.xib in Resources */ = {isa = PBXBuildFile; fileRef = F6F4D3F029CC2FAC00058B88 /* AddressItemCell.xib */; };
		F6F4D3F429CC31A200058B88 /* AddressService.swift in Sources */ = {isa = PBXBuildFile; fileRef = F6F4D3F329CC31A200058B88 /* AddressService.swift */; };
		F6F4D3F629CC37F400058B88 /* AddressTableViewAdapter.swift in Sources */ = {isa = PBXBuildFile; fileRef = F6F4D3F529CC37F400058B88 /* AddressTableViewAdapter.swift */; };
		F6F4D3F829CC3D8000058B88 /* OrderServices.swift in Sources */ = {isa = PBXBuildFile; fileRef = F6F4D3F729CC3D8000058B88 /* OrderServices.swift */; };
		F6F8E25529CB7DD000F37E9C /* UserModel.swift in Sources */ = {isa = PBXBuildFile; fileRef = F6F8E25129CB7DCF00F37E9C /* UserModel.swift */; };
		F6F8E25629CB7DD000F37E9C /* CartModel.swift in Sources */ = {isa = PBXBuildFile; fileRef = F6F8E25229CB7DD000F37E9C /* CartModel.swift */; };
		F6F8E25729CB7DD000F37E9C /* MenuModels.swift in Sources */ = {isa = PBXBuildFile; fileRef = F6F8E25329CB7DD000F37E9C /* MenuModels.swift */; };
		F6F8E25829CB7DD000F37E9C /* ApiResponse.swift in Sources */ = {isa = PBXBuildFile; fileRef = F6F8E25429CB7DD000F37E9C /* ApiResponse.swift */; };
		F6F8E25C29CB804E00F37E9C /* HomeTableViewAdapter.swift in Sources */ = {isa = PBXBuildFile; fileRef = F6F8E25B29CB804E00F37E9C /* HomeTableViewAdapter.swift */; };
		F6F8E26229CB86EC00F37E9C /* CartServices.swift in Sources */ = {isa = PBXBuildFile; fileRef = F6F8E26029CB86EC00F37E9C /* CartServices.swift */; };
		F6F8E26329CB86EC00F37E9C /* MenuServices.swift in Sources */ = {isa = PBXBuildFile; fileRef = F6F8E26129CB86EC00F37E9C /* MenuServices.swift */; };
		F6F8E26629CB8D9F00F37E9C /* ImageLoader.swift in Sources */ = {isa = PBXBuildFile; fileRef = F6F8E26529CB8D9F00F37E9C /* ImageLoader.swift */; };
		F6F8E26829CB92AA00F37E9C /* UserServices.swift in Sources */ = {isa = PBXBuildFile; fileRef = F6F8E26729CB92AA00F37E9C /* UserServices.swift */; };
		F6F8E26A29CB934900F37E9C /* UserLoginResponse.swift in Sources */ = {isa = PBXBuildFile; fileRef = F6F8E26929CB934900F37E9C /* UserLoginResponse.swift */; };
/* End PBXBuildFile section */

/* Begin PBXFileReference section */
		284DF3C829C9FD2200EBFE73 /* RallyAppIOS.app */ = {isa = PBXFileReference; explicitFileType = wrapper.application; includeInIndex = 0; path = RallyAppIOS.app; sourceTree = BUILT_PRODUCTS_DIR; };
		284DF3CB29C9FD2200EBFE73 /* AppDelegate.swift */ = {isa = PBXFileReference; lastKnownFileType = sourcecode.swift; path = AppDelegate.swift; sourceTree = "<group>"; };
		284DF3CD29C9FD2200EBFE73 /* SceneDelegate.swift */ = {isa = PBXFileReference; lastKnownFileType = sourcecode.swift; path = SceneDelegate.swift; sourceTree = "<group>"; };
		284DF3CF29C9FD2200EBFE73 /* HomeViewController.swift */ = {isa = PBXFileReference; lastKnownFileType = sourcecode.swift; path = HomeViewController.swift; sourceTree = "<group>"; };
		284DF3D229C9FD2200EBFE73 /* Base */ = {isa = PBXFileReference; lastKnownFileType = file.storyboard; name = Base; path = Base.lproj/Main.storyboard; sourceTree = "<group>"; };
		284DF3D729C9FD2400EBFE73 /* Base */ = {isa = PBXFileReference; lastKnownFileType = file.storyboard; name = Base; path = Base.lproj/LaunchScreen.storyboard; sourceTree = "<group>"; };
		284DF3D929C9FD2400EBFE73 /* Info.plist */ = {isa = PBXFileReference; lastKnownFileType = text.plist.xml; path = Info.plist; sourceTree = "<group>"; };
		284DF3E029CA21A100EBFE73 /* UserViewController.swift */ = {isa = PBXFileReference; lastKnownFileType = sourcecode.swift; path = UserViewController.swift; sourceTree = "<group>"; };
		284DF3E729CA2E7500EBFE73 /* Assets.xcassets */ = {isa = PBXFileReference; lastKnownFileType = folder.assetcatalog; path = Assets.xcassets; sourceTree = "<group>"; };
		284DF3E929CA2EA200EBFE73 /* top_banner.png */ = {isa = PBXFileReference; lastKnownFileType = image.png; path = top_banner.png; sourceTree = "<group>"; };
		284DF3EB29CA453200EBFE73 /* fork.png */ = {isa = PBXFileReference; lastKnownFileType = image.png; path = fork.png; sourceTree = "<group>"; };
		284DF3ED29CA4DF800EBFE73 /* LogInViewController.swift */ = {isa = PBXFileReference; lastKnownFileType = sourcecode.swift; path = LogInViewController.swift; sourceTree = "<group>"; };
		284DF3F129CA651B00EBFE73 /* SignUpViewController.swift */ = {isa = PBXFileReference; lastKnownFileType = sourcecode.swift; path = SignUpViewController.swift; sourceTree = "<group>"; };
		284DF3F529CA868100EBFE73 /* CartViewController.swift */ = {isa = PBXFileReference; lastKnownFileType = sourcecode.swift; path = CartViewController.swift; sourceTree = "<group>"; };
		3FBF002529CAA0C7007BBCFA /* TableViewCell.swift */ = {isa = PBXFileReference; lastKnownFileType = sourcecode.swift; path = TableViewCell.swift; sourceTree = "<group>"; };
		3FBF002629CAA0C7007BBCFA /* TableViewCell.xib */ = {isa = PBXFileReference; lastKnownFileType = file.xib; path = TableViewCell.xib; sourceTree = "<group>"; };
		3FBF002A29CAA38C007BBCFA /* RallyDataSource.swift */ = {isa = PBXFileReference; fileEncoding = 4; lastKnownFileType = sourcecode.swift; path = RallyDataSource.swift; sourceTree = "<group>"; };
		3FBF002B29CAA38C007BBCFA /* RallyData.swift */ = {isa = PBXFileReference; fileEncoding = 4; lastKnownFileType = sourcecode.swift; path = RallyData.swift; sourceTree = "<group>"; };
		F632410529CBE8D5003C0080 /* AlertManager.swift */ = {isa = PBXFileReference; lastKnownFileType = sourcecode.swift; path = AlertManager.swift; sourceTree = "<group>"; };
		F6F14F8729CB9EB8006C86CB /* UserAuth.swift */ = {isa = PBXFileReference; lastKnownFileType = sourcecode.swift; path = UserAuth.swift; sourceTree = "<group>"; };
		F6F14F8929CBAF47006C86CB /* PlateDetailsViewController.swift */ = {isa = PBXFileReference; lastKnownFileType = sourcecode.swift; path = PlateDetailsViewController.swift; sourceTree = "<group>"; };
		F6F14F8C29CBB031006C86CB /* HomeTableViewDelegate.swift */ = {isa = PBXFileReference; lastKnownFileType = sourcecode.swift; path = HomeTableViewDelegate.swift; sourceTree = "<group>"; };
		F6F14F8E29CBCE54006C86CB /* CartItemCellTableViewCell.swift */ = {isa = PBXFileReference; lastKnownFileType = sourcecode.swift; path = CartItemCellTableViewCell.swift; sourceTree = "<group>"; };
		F6F14F8F29CBCE54006C86CB /* CartItemCellTableViewCell.xib */ = {isa = PBXFileReference; lastKnownFileType = file.xib; path = CartItemCellTableViewCell.xib; sourceTree = "<group>"; };
		F6F14F9229CBD019006C86CB /* CartTableViewAdapter.swift */ = {isa = PBXFileReference; lastKnownFileType = sourcecode.swift; path = CartTableViewAdapter.swift; sourceTree = "<group>"; };
		F6F14F9429CBD628006C86CB /* CartTableViewDelegate.swift */ = {isa = PBXFileReference; lastKnownFileType = sourcecode.swift; path = CartTableViewDelegate.swift; sourceTree = "<group>"; };
		F6F4D3E129CC137500058B88 /* CheckoutViewController.swift */ = {isa = PBXFileReference; lastKnownFileType = sourcecode.swift; path = CheckoutViewController.swift; sourceTree = "<group>"; };
		F6F4D3E329CC186100058B88 /* OrderItemCell.swift */ = {isa = PBXFileReference; lastKnownFileType = sourcecode.swift; path = OrderItemCell.swift; sourceTree = "<group>"; };
		F6F4D3E429CC186100058B88 /* OrderItemCell.xib */ = {isa = PBXFileReference; lastKnownFileType = file.xib; path = OrderItemCell.xib; sourceTree = "<group>"; };
		F6F4D3E729CC1BA700058B88 /* OrderModels.swift */ = {isa = PBXFileReference; lastKnownFileType = sourcecode.swift; path = OrderModels.swift; sourceTree = "<group>"; };
		F6F4D3E929CC1E1500058B88 /* OrderlistTableViewAdapter.swift */ = {isa = PBXFileReference; lastKnownFileType = sourcecode.swift; path = OrderlistTableViewAdapter.swift; sourceTree = "<group>"; };
		F6F4D3EB29CC2AA700058B88 /* AddressModel.swift */ = {isa = PBXFileReference; lastKnownFileType = sourcecode.swift; path = AddressModel.swift; sourceTree = "<group>"; };
		F6F4D3EF29CC2FAC00058B88 /* AddressItemCell.swift */ = {isa = PBXFileReference; lastKnownFileType = sourcecode.swift; path = AddressItemCell.swift; sourceTree = "<group>"; };
		F6F4D3F029CC2FAC00058B88 /* AddressItemCell.xib */ = {isa = PBXFileReference; lastKnownFileType = file.xib; path = AddressItemCell.xib; sourceTree = "<group>"; };
		F6F4D3F329CC31A200058B88 /* AddressService.swift */ = {isa = PBXFileReference; lastKnownFileType = sourcecode.swift; path = AddressService.swift; sourceTree = "<group>"; };
		F6F4D3F529CC37F400058B88 /* AddressTableViewAdapter.swift */ = {isa = PBXFileReference; lastKnownFileType = sourcecode.swift; path = AddressTableViewAdapter.swift; sourceTree = "<group>"; };
		F6F4D3F729CC3D8000058B88 /* OrderServices.swift */ = {isa = PBXFileReference; lastKnownFileType = sourcecode.swift; path = OrderServices.swift; sourceTree = "<group>"; };
		F6F8E25129CB7DCF00F37E9C /* UserModel.swift */ = {isa = PBXFileReference; fileEncoding = 4; lastKnownFileType = sourcecode.swift; path = UserModel.swift; sourceTree = "<group>"; };
		F6F8E25229CB7DD000F37E9C /* CartModel.swift */ = {isa = PBXFileReference; fileEncoding = 4; lastKnownFileType = sourcecode.swift; path = CartModel.swift; sourceTree = "<group>"; };
		F6F8E25329CB7DD000F37E9C /* MenuModels.swift */ = {isa = PBXFileReference; fileEncoding = 4; lastKnownFileType = sourcecode.swift; path = MenuModels.swift; sourceTree = "<group>"; };
		F6F8E25429CB7DD000F37E9C /* ApiResponse.swift */ = {isa = PBXFileReference; fileEncoding = 4; lastKnownFileType = sourcecode.swift; path = ApiResponse.swift; sourceTree = "<group>"; };
		F6F8E25B29CB804E00F37E9C /* HomeTableViewAdapter.swift */ = {isa = PBXFileReference; lastKnownFileType = sourcecode.swift; path = HomeTableViewAdapter.swift; sourceTree = "<group>"; };
		F6F8E26029CB86EC00F37E9C /* CartServices.swift */ = {isa = PBXFileReference; fileEncoding = 4; lastKnownFileType = sourcecode.swift; path = CartServices.swift; sourceTree = "<group>"; };
		F6F8E26129CB86EC00F37E9C /* MenuServices.swift */ = {isa = PBXFileReference; fileEncoding = 4; lastKnownFileType = sourcecode.swift; path = MenuServices.swift; sourceTree = "<group>"; };
		F6F8E26529CB8D9F00F37E9C /* ImageLoader.swift */ = {isa = PBXFileReference; lastKnownFileType = sourcecode.swift; path = ImageLoader.swift; sourceTree = "<group>"; };
		F6F8E26729CB92AA00F37E9C /* UserServices.swift */ = {isa = PBXFileReference; lastKnownFileType = sourcecode.swift; path = UserServices.swift; sourceTree = "<group>"; };
		F6F8E26929CB934900F37E9C /* UserLoginResponse.swift */ = {isa = PBXFileReference; lastKnownFileType = sourcecode.swift; path = UserLoginResponse.swift; sourceTree = "<group>"; };
/* End PBXFileReference section */

/* Begin PBXFrameworksBuildPhase section */
		284DF3C529C9FD2200EBFE73 /* Frameworks */ = {
			isa = PBXFrameworksBuildPhase;
			buildActionMask = 2147483647;
			files = (
			);
			runOnlyForDeploymentPostprocessing = 0;
		};
/* End PBXFrameworksBuildPhase section */

/* Begin PBXGroup section */
		284DF3BF29C9FD2200EBFE73 = {
			isa = PBXGroup;
			children = (
				284DF3CA29C9FD2200EBFE73 /* RallyAppIOS */,
				284DF3C929C9FD2200EBFE73 /* Products */,
			);
			sourceTree = "<group>";
		};
		284DF3C929C9FD2200EBFE73 /* Products */ = {
			isa = PBXGroup;
			children = (
				284DF3C829C9FD2200EBFE73 /* RallyAppIOS.app */,
			);
			name = Products;
			sourceTree = "<group>";
		};
		284DF3CA29C9FD2200EBFE73 /* RallyAppIOS */ = {
			isa = PBXGroup;
			children = (
				F6F14F8B29CBB00A006C86CB /* Delegates */,
				F6F8E26B29CB9A1A00F37E9C /* UserAuth */,
				F6F8E26429CB8D8600F37E9C /* Utils */,
				F6F8E25F29CB86D800F37E9C /* ApiServices */,
				3FBF002929CAA38C007BBCFA /* DataModels */,
				284DF3E229CA2AF800EBFE73 /* Assets */,
				3FBF002429CAA0A8007BBCFA /* TableView */,
				284DF3DF29CA215F00EBFE73 /* ViewControllers */,
				284DF3CB29C9FD2200EBFE73 /* AppDelegate.swift */,
				284DF3CD29C9FD2200EBFE73 /* SceneDelegate.swift */,
				284DF3D129C9FD2200EBFE73 /* Main.storyboard */,
				284DF3D629C9FD2400EBFE73 /* LaunchScreen.storyboard */,
				284DF3E729CA2E7500EBFE73 /* Assets.xcassets */,
				284DF3D929C9FD2400EBFE73 /* Info.plist */,
			);
			path = RallyAppIOS;
			sourceTree = "<group>";
		};
		284DF3DF29CA215F00EBFE73 /* ViewControllers */ = {
			isa = PBXGroup;
			children = (
				284DF3CF29C9FD2200EBFE73 /* HomeViewController.swift */,
				284DF3E029CA21A100EBFE73 /* UserViewController.swift */,
				284DF3ED29CA4DF800EBFE73 /* LogInViewController.swift */,
				284DF3F129CA651B00EBFE73 /* SignUpViewController.swift */,
				284DF3F529CA868100EBFE73 /* CartViewController.swift */,
				F6F14F8929CBAF47006C86CB /* PlateDetailsViewController.swift */,
				F6F4D3E129CC137500058B88 /* CheckoutViewController.swift */,
			);
			path = ViewControllers;
			sourceTree = "<group>";
		};
		284DF3E229CA2AF800EBFE73 /* Assets */ = {
			isa = PBXGroup;
			children = (
				284DF3EB29CA453200EBFE73 /* fork.png */,
				284DF3E929CA2EA200EBFE73 /* top_banner.png */,
			);
			path = Assets;
			sourceTree = "<group>";
		};
		3FBF002429CAA0A8007BBCFA /* TableView */ = {
			isa = PBXGroup;
			children = (
				F6F8E25A29CB801F00F37E9C /* Cells */,
				F6F8E25929CB801500F37E9C /* Adapters */,
			);
			path = TableView;
			sourceTree = "<group>";
		};
		3FBF002929CAA38C007BBCFA /* DataModels */ = {
			isa = PBXGroup;
			children = (
				F6F8E25429CB7DD000F37E9C /* ApiResponse.swift */,
				F6F8E25229CB7DD000F37E9C /* CartModel.swift */,
				F6F8E25329CB7DD000F37E9C /* MenuModels.swift */,
				F6F8E25129CB7DCF00F37E9C /* UserModel.swift */,
				3FBF002A29CAA38C007BBCFA /* RallyDataSource.swift */,
				3FBF002B29CAA38C007BBCFA /* RallyData.swift */,
				F6F8E26929CB934900F37E9C /* UserLoginResponse.swift */,
				F6F4D3E729CC1BA700058B88 /* OrderModels.swift */,
				F6F4D3EB29CC2AA700058B88 /* AddressModel.swift */,
			);
			path = DataModels;
			sourceTree = "<group>";
		};
		F6F14F8B29CBB00A006C86CB /* Delegates */ = {
			isa = PBXGroup;
			children = (
				F6F14F8C29CBB031006C86CB /* HomeTableViewDelegate.swift */,
				F6F14F9429CBD628006C86CB /* CartTableViewDelegate.swift */,
			);
			path = Delegates;
			sourceTree = "<group>";
		};
		F6F8E25929CB801500F37E9C /* Adapters */ = {
			isa = PBXGroup;
			children = (
				F6F8E25B29CB804E00F37E9C /* HomeTableViewAdapter.swift */,
				F6F14F9229CBD019006C86CB /* CartTableViewAdapter.swift */,
				F6F4D3E929CC1E1500058B88 /* OrderlistTableViewAdapter.swift */,
				F6F4D3F529CC37F400058B88 /* AddressTableViewAdapter.swift */,
			);
			path = Adapters;
			sourceTree = "<group>";
		};
		F6F8E25A29CB801F00F37E9C /* Cells */ = {
			isa = PBXGroup;
			children = (
				3FBF002529CAA0C7007BBCFA /* TableViewCell.swift */,
				3FBF002629CAA0C7007BBCFA /* TableViewCell.xib */,
				F6F14F8E29CBCE54006C86CB /* CartItemCellTableViewCell.swift */,
				F6F14F8F29CBCE54006C86CB /* CartItemCellTableViewCell.xib */,
				F6F4D3E329CC186100058B88 /* OrderItemCell.swift */,
				F6F4D3E429CC186100058B88 /* OrderItemCell.xib */,
				F6F4D3EF29CC2FAC00058B88 /* AddressItemCell.swift */,
				F6F4D3F029CC2FAC00058B88 /* AddressItemCell.xib */,
			);
			path = Cells;
			sourceTree = "<group>";
		};
		F6F8E25F29CB86D800F37E9C /* ApiServices */ = {
			isa = PBXGroup;
			children = (
				F6F8E26029CB86EC00F37E9C /* CartServices.swift */,
				F6F8E26129CB86EC00F37E9C /* MenuServices.swift */,
				F6F8E26729CB92AA00F37E9C /* UserServices.swift */,
				F6F4D3F329CC31A200058B88 /* AddressService.swift */,
				F6F4D3F729CC3D8000058B88 /* OrderServices.swift */,
			);
			path = ApiServices;
			sourceTree = "<group>";
		};
		F6F8E26429CB8D8600F37E9C /* Utils */ = {
			isa = PBXGroup;
			children = (
				F6F8E26529CB8D9F00F37E9C /* ImageLoader.swift */,
				F632410529CBE8D5003C0080 /* AlertManager.swift */,
			);
			path = Utils;
			sourceTree = "<group>";
		};
		F6F8E26B29CB9A1A00F37E9C /* UserAuth */ = {
			isa = PBXGroup;
			children = (
				F6F14F8729CB9EB8006C86CB /* UserAuth.swift */,
			);
			path = UserAuth;
			sourceTree = "<group>";
		};
/* End PBXGroup section */

/* Begin PBXNativeTarget section */
		284DF3C729C9FD2200EBFE73 /* RallyAppIOS */ = {
			isa = PBXNativeTarget;
			buildConfigurationList = 284DF3DC29C9FD2400EBFE73 /* Build configuration list for PBXNativeTarget "RallyAppIOS" */;
			buildPhases = (
				284DF3C429C9FD2200EBFE73 /* Sources */,
				284DF3C529C9FD2200EBFE73 /* Frameworks */,
				284DF3C629C9FD2200EBFE73 /* Resources */,
			);
			buildRules = (
			);
			dependencies = (
			);
			name = RallyAppIOS;
			productName = RallyAppIOS;
			productReference = 284DF3C829C9FD2200EBFE73 /* RallyAppIOS.app */;
			productType = "com.apple.product-type.application";
		};
/* End PBXNativeTarget section */

/* Begin PBXProject section */
		284DF3C029C9FD2200EBFE73 /* Project object */ = {
			isa = PBXProject;
			attributes = {
				BuildIndependentTargetsInParallel = 1;
				LastSwiftUpdateCheck = 1420;
				LastUpgradeCheck = 1420;
				TargetAttributes = {
					284DF3C729C9FD2200EBFE73 = {
						CreatedOnToolsVersion = 14.2;
					};
				};
			};
			buildConfigurationList = 284DF3C329C9FD2200EBFE73 /* Build configuration list for PBXProject "RallyAppIOS" */;
			compatibilityVersion = "Xcode 14.0";
			developmentRegion = en;
			hasScannedForEncodings = 0;
			knownRegions = (
				en,
				Base,
			);
			mainGroup = 284DF3BF29C9FD2200EBFE73;
			productRefGroup = 284DF3C929C9FD2200EBFE73 /* Products */;
			projectDirPath = "";
			projectRoot = "";
			targets = (
				284DF3C729C9FD2200EBFE73 /* RallyAppIOS */,
			);
		};
/* End PBXProject section */

/* Begin PBXResourcesBuildPhase section */
		284DF3C629C9FD2200EBFE73 /* Resources */ = {
			isa = PBXResourcesBuildPhase;
			buildActionMask = 2147483647;
			files = (
				284DF3D829C9FD2400EBFE73 /* LaunchScreen.storyboard in Resources */,
				3FBF002829CAA0C7007BBCFA /* TableViewCell.xib in Resources */,
				F6F14F9129CBCE54006C86CB /* CartItemCellTableViewCell.xib in Resources */,
				284DF3EC29CA453200EBFE73 /* fork.png in Resources */,
				284DF3EA29CA2EA200EBFE73 /* top_banner.png in Resources */,
				F6F4D3E629CC186100058B88 /* OrderItemCell.xib in Resources */,
				F6F4D3F229CC2FAC00058B88 /* AddressItemCell.xib in Resources */,
				284DF3D329C9FD2200EBFE73 /* Main.storyboard in Resources */,
				284DF3E829CA2E7500EBFE73 /* Assets.xcassets in Resources */,
			);
			runOnlyForDeploymentPostprocessing = 0;
		};
/* End PBXResourcesBuildPhase section */

/* Begin PBXSourcesBuildPhase section */
		284DF3C429C9FD2200EBFE73 /* Sources */ = {
			isa = PBXSourcesBuildPhase;
			buildActionMask = 2147483647;
			files = (
				284DF3F229CA651B00EBFE73 /* SignUpViewController.swift in Sources */,
				F6F8E26A29CB934900F37E9C /* UserLoginResponse.swift in Sources */,
				F6F14F8A29CBAF47006C86CB /* PlateDetailsViewController.swift in Sources */,
				3FBF002729CAA0C7007BBCFA /* TableViewCell.swift in Sources */,
				F6F4D3EC29CC2AA700058B88 /* AddressModel.swift in Sources */,
				3FBF002D29CAA38C007BBCFA /* RallyData.swift in Sources */,
				F6F8E25829CB7DD000F37E9C /* ApiResponse.swift in Sources */,
				F6F14F9529CBD628006C86CB /* CartTableViewDelegate.swift in Sources */,
				284DF3D029C9FD2200EBFE73 /* HomeViewController.swift in Sources */,
				F632410629CBE8D5003C0080 /* AlertManager.swift in Sources */,
				F6F14F8829CB9EB8006C86CB /* UserAuth.swift in Sources */,
				284DF3F629CA868100EBFE73 /* CartViewController.swift in Sources */,
				F6F8E26329CB86EC00F37E9C /* MenuServices.swift in Sources */,
				284DF3E129CA21A100EBFE73 /* UserViewController.swift in Sources */,
				284DF3CC29C9FD2200EBFE73 /* AppDelegate.swift in Sources */,
				F6F14F9329CBD019006C86CB /* CartTableViewAdapter.swift in Sources */,
				3FBF002C29CAA38C007BBCFA /* RallyDataSource.swift in Sources */,
				284DF3EE29CA4DF800EBFE73 /* LogInViewController.swift in Sources */,
				F6F4D3E529CC186100058B88 /* OrderItemCell.swift in Sources */,
				F6F14F9029CBCE54006C86CB /* CartItemCellTableViewCell.swift in Sources */,
				F6F4D3F129CC2FAC00058B88 /* AddressItemCell.swift in Sources */,
				F6F8E25629CB7DD000F37E9C /* CartModel.swift in Sources */,
				F6F4D3F429CC31A200058B88 /* AddressService.swift in Sources */,
				F6F14F8D29CBB031006C86CB /* HomeTableViewDelegate.swift in Sources */,
				F6F4D3E229CC137500058B88 /* CheckoutViewController.swift in Sources */,
				F6F8E26229CB86EC00F37E9C /* CartServices.swift in Sources */,
				F6F4D3F629CC37F400058B88 /* AddressTableViewAdapter.swift in Sources */,
				F6F8E25C29CB804E00F37E9C /* HomeTableViewAdapter.swift in Sources */,
				F6F4D3E829CC1BA700058B88 /* OrderModels.swift in Sources */,
				F6F8E26629CB8D9F00F37E9C /* ImageLoader.swift in Sources */,
				284DF3CE29C9FD2200EBFE73 /* SceneDelegate.swift in Sources */,
				F6F8E25729CB7DD000F37E9C /* MenuModels.swift in Sources */,
				F6F8E25529CB7DD000F37E9C /* UserModel.swift in Sources */,
				F6F4D3EA29CC1E1500058B88 /* OrderlistTableViewAdapter.swift in Sources */,
				F6F4D3F829CC3D8000058B88 /* OrderServices.swift in Sources */,
				F6F8E26829CB92AA00F37E9C /* UserServices.swift in Sources */,
			);
			runOnlyForDeploymentPostprocessing = 0;
		};
/* End PBXSourcesBuildPhase section */

/* Begin PBXVariantGroup section */
		284DF3D129C9FD2200EBFE73 /* Main.storyboard */ = {
			isa = PBXVariantGroup;
			children = (
				284DF3D229C9FD2200EBFE73 /* Base */,
			);
			name = Main.storyboard;
			sourceTree = "<group>";
		};
		284DF3D629C9FD2400EBFE73 /* LaunchScreen.storyboard */ = {
			isa = PBXVariantGroup;
			children = (
				284DF3D729C9FD2400EBFE73 /* Base */,
			);
			name = LaunchScreen.storyboard;
			sourceTree = "<group>";
		};
/* End PBXVariantGroup section */

/* Begin XCBuildConfiguration section */
		284DF3DA29C9FD2400EBFE73 /* Debug */ = {
			isa = XCBuildConfiguration;
			buildSettings = {
				ALWAYS_SEARCH_USER_PATHS = NO;
				CLANG_ANALYZER_NONNULL = YES;
				CLANG_ANALYZER_NUMBER_OBJECT_CONVERSION = YES_AGGRESSIVE;
				CLANG_CXX_LANGUAGE_STANDARD = "gnu++20";
				CLANG_ENABLE_MODULES = YES;
				CLANG_ENABLE_OBJC_ARC = YES;
				CLANG_ENABLE_OBJC_WEAK = YES;
				CLANG_WARN_BLOCK_CAPTURE_AUTORELEASING = YES;
				CLANG_WARN_BOOL_CONVERSION = YES;
				CLANG_WARN_COMMA = YES;
				CLANG_WARN_CONSTANT_CONVERSION = YES;
				CLANG_WARN_DEPRECATED_OBJC_IMPLEMENTATIONS = YES;
				CLANG_WARN_DIRECT_OBJC_ISA_USAGE = YES_ERROR;
				CLANG_WARN_DOCUMENTATION_COMMENTS = YES;
				CLANG_WARN_EMPTY_BODY = YES;
				CLANG_WARN_ENUM_CONVERSION = YES;
				CLANG_WARN_INFINITE_RECURSION = YES;
				CLANG_WARN_INT_CONVERSION = YES;
				CLANG_WARN_NON_LITERAL_NULL_CONVERSION = YES;
				CLANG_WARN_OBJC_IMPLICIT_RETAIN_SELF = YES;
				CLANG_WARN_OBJC_LITERAL_CONVERSION = YES;
				CLANG_WARN_OBJC_ROOT_CLASS = YES_ERROR;
				CLANG_WARN_QUOTED_INCLUDE_IN_FRAMEWORK_HEADER = YES;
				CLANG_WARN_RANGE_LOOP_ANALYSIS = YES;
				CLANG_WARN_STRICT_PROTOTYPES = YES;
				CLANG_WARN_SUSPICIOUS_MOVE = YES;
				CLANG_WARN_UNGUARDED_AVAILABILITY = YES_AGGRESSIVE;
				CLANG_WARN_UNREACHABLE_CODE = YES;
				CLANG_WARN__DUPLICATE_METHOD_MATCH = YES;
				COPY_PHASE_STRIP = NO;
				DEBUG_INFORMATION_FORMAT = dwarf;
				ENABLE_STRICT_OBJC_MSGSEND = YES;
				ENABLE_TESTABILITY = YES;
				GCC_C_LANGUAGE_STANDARD = gnu11;
				GCC_DYNAMIC_NO_PIC = NO;
				GCC_NO_COMMON_BLOCKS = YES;
				GCC_OPTIMIZATION_LEVEL = 0;
				GCC_PREPROCESSOR_DEFINITIONS = (
					"DEBUG=1",
					"$(inherited)",
				);
				GCC_WARN_64_TO_32_BIT_CONVERSION = YES;
				GCC_WARN_ABOUT_RETURN_TYPE = YES_ERROR;
				GCC_WARN_UNDECLARED_SELECTOR = YES;
				GCC_WARN_UNINITIALIZED_AUTOS = YES_AGGRESSIVE;
				GCC_WARN_UNUSED_FUNCTION = YES;
				GCC_WARN_UNUSED_VARIABLE = YES;
				IPHONEOS_DEPLOYMENT_TARGET = 16.2;
				MTL_ENABLE_DEBUG_INFO = INCLUDE_SOURCE;
				MTL_FAST_MATH = YES;
				ONLY_ACTIVE_ARCH = YES;
				SDKROOT = iphoneos;
				SWIFT_ACTIVE_COMPILATION_CONDITIONS = DEBUG;
				SWIFT_OPTIMIZATION_LEVEL = "-Onone";
			};
			name = Debug;
		};
		284DF3DB29C9FD2400EBFE73 /* Release */ = {
			isa = XCBuildConfiguration;
			buildSettings = {
				ALWAYS_SEARCH_USER_PATHS = NO;
				CLANG_ANALYZER_NONNULL = YES;
				CLANG_ANALYZER_NUMBER_OBJECT_CONVERSION = YES_AGGRESSIVE;
				CLANG_CXX_LANGUAGE_STANDARD = "gnu++20";
				CLANG_ENABLE_MODULES = YES;
				CLANG_ENABLE_OBJC_ARC = YES;
				CLANG_ENABLE_OBJC_WEAK = YES;
				CLANG_WARN_BLOCK_CAPTURE_AUTORELEASING = YES;
				CLANG_WARN_BOOL_CONVERSION = YES;
				CLANG_WARN_COMMA = YES;
				CLANG_WARN_CONSTANT_CONVERSION = YES;
				CLANG_WARN_DEPRECATED_OBJC_IMPLEMENTATIONS = YES;
				CLANG_WARN_DIRECT_OBJC_ISA_USAGE = YES_ERROR;
				CLANG_WARN_DOCUMENTATION_COMMENTS = YES;
				CLANG_WARN_EMPTY_BODY = YES;
				CLANG_WARN_ENUM_CONVERSION = YES;
				CLANG_WARN_INFINITE_RECURSION = YES;
				CLANG_WARN_INT_CONVERSION = YES;
				CLANG_WARN_NON_LITERAL_NULL_CONVERSION = YES;
				CLANG_WARN_OBJC_IMPLICIT_RETAIN_SELF = YES;
				CLANG_WARN_OBJC_LITERAL_CONVERSION = YES;
				CLANG_WARN_OBJC_ROOT_CLASS = YES_ERROR;
				CLANG_WARN_QUOTED_INCLUDE_IN_FRAMEWORK_HEADER = YES;
				CLANG_WARN_RANGE_LOOP_ANALYSIS = YES;
				CLANG_WARN_STRICT_PROTOTYPES = YES;
				CLANG_WARN_SUSPICIOUS_MOVE = YES;
				CLANG_WARN_UNGUARDED_AVAILABILITY = YES_AGGRESSIVE;
				CLANG_WARN_UNREACHABLE_CODE = YES;
				CLANG_WARN__DUPLICATE_METHOD_MATCH = YES;
				COPY_PHASE_STRIP = NO;
				DEBUG_INFORMATION_FORMAT = "dwarf-with-dsym";
				ENABLE_NS_ASSERTIONS = NO;
				ENABLE_STRICT_OBJC_MSGSEND = YES;
				GCC_C_LANGUAGE_STANDARD = gnu11;
				GCC_NO_COMMON_BLOCKS = YES;
				GCC_WARN_64_TO_32_BIT_CONVERSION = YES;
				GCC_WARN_ABOUT_RETURN_TYPE = YES_ERROR;
				GCC_WARN_UNDECLARED_SELECTOR = YES;
				GCC_WARN_UNINITIALIZED_AUTOS = YES_AGGRESSIVE;
				GCC_WARN_UNUSED_FUNCTION = YES;
				GCC_WARN_UNUSED_VARIABLE = YES;
				IPHONEOS_DEPLOYMENT_TARGET = 16.2;
				MTL_ENABLE_DEBUG_INFO = NO;
				MTL_FAST_MATH = YES;
				SDKROOT = iphoneos;
				SWIFT_COMPILATION_MODE = wholemodule;
				SWIFT_OPTIMIZATION_LEVEL = "-O";
				VALIDATE_PRODUCT = YES;
			};
			name = Release;
		};
		284DF3DD29C9FD2400EBFE73 /* Debug */ = {
			isa = XCBuildConfiguration;
			buildSettings = {
				ASSETCATALOG_COMPILER_APPICON_NAME = AppIcon;
				ASSETCATALOG_COMPILER_GLOBAL_ACCENT_COLOR_NAME = AccentColor;
				CODE_SIGN_STYLE = Automatic;
				CURRENT_PROJECT_VERSION = 1;
				DEVELOPMENT_TEAM = 7K5Q798862;
				GENERATE_INFOPLIST_FILE = YES;
				INFOPLIST_FILE = RallyAppIOS/Info.plist;
				INFOPLIST_KEY_UIApplicationSupportsIndirectInputEvents = YES;
				INFOPLIST_KEY_UILaunchStoryboardName = LaunchScreen;
				INFOPLIST_KEY_UIMainStoryboardFile = Main;
				INFOPLIST_KEY_UISupportedInterfaceOrientations_iPad = "UIInterfaceOrientationPortrait UIInterfaceOrientationPortraitUpsideDown UIInterfaceOrientationLandscapeLeft UIInterfaceOrientationLandscapeRight";
				INFOPLIST_KEY_UISupportedInterfaceOrientations_iPhone = "UIInterfaceOrientationPortrait UIInterfaceOrientationLandscapeLeft UIInterfaceOrientationLandscapeRight";
				LD_RUNPATH_SEARCH_PATHS = (
					"$(inherited)",
					"@executable_path/Frameworks",
				);
				MARKETING_VERSION = 1.0;
				PRODUCT_BUNDLE_IDENTIFIER = ios.centennial.com.RallyAppIOS;
				PRODUCT_NAME = "$(TARGET_NAME)";
				SWIFT_EMIT_LOC_STRINGS = YES;
				SWIFT_VERSION = 5.0;
				TARGETED_DEVICE_FAMILY = "1,2";
			};
			name = Debug;
		};
		284DF3DE29C9FD2400EBFE73 /* Release */ = {
			isa = XCBuildConfiguration;
			buildSettings = {
				ASSETCATALOG_COMPILER_APPICON_NAME = AppIcon;
				ASSETCATALOG_COMPILER_GLOBAL_ACCENT_COLOR_NAME = AccentColor;
				CODE_SIGN_STYLE = Automatic;
				CURRENT_PROJECT_VERSION = 1;
				DEVELOPMENT_TEAM = 7K5Q798862;
				GENERATE_INFOPLIST_FILE = YES;
				INFOPLIST_FILE = RallyAppIOS/Info.plist;
				INFOPLIST_KEY_UIApplicationSupportsIndirectInputEvents = YES;
				INFOPLIST_KEY_UILaunchStoryboardName = LaunchScreen;
				INFOPLIST_KEY_UIMainStoryboardFile = Main;
				INFOPLIST_KEY_UISupportedInterfaceOrientations_iPad = "UIInterfaceOrientationPortrait UIInterfaceOrientationPortraitUpsideDown UIInterfaceOrientationLandscapeLeft UIInterfaceOrientationLandscapeRight";
				INFOPLIST_KEY_UISupportedInterfaceOrientations_iPhone = "UIInterfaceOrientationPortrait UIInterfaceOrientationLandscapeLeft UIInterfaceOrientationLandscapeRight";
				LD_RUNPATH_SEARCH_PATHS = (
					"$(inherited)",
					"@executable_path/Frameworks",
				);
				MARKETING_VERSION = 1.0;
				PRODUCT_BUNDLE_IDENTIFIER = ios.centennial.com.RallyAppIOS;
				PRODUCT_NAME = "$(TARGET_NAME)";
				SWIFT_EMIT_LOC_STRINGS = YES;
				SWIFT_VERSION = 5.0;
				TARGETED_DEVICE_FAMILY = "1,2";
			};
			name = Release;
		};
/* End XCBuildConfiguration section */

/* Begin XCConfigurationList section */
		284DF3C329C9FD2200EBFE73 /* Build configuration list for PBXProject "RallyAppIOS" */ = {
			isa = XCConfigurationList;
			buildConfigurations = (
				284DF3DA29C9FD2400EBFE73 /* Debug */,
				284DF3DB29C9FD2400EBFE73 /* Release */,
			);
			defaultConfigurationIsVisible = 0;
			defaultConfigurationName = Release;
		};
		284DF3DC29C9FD2400EBFE73 /* Build configuration list for PBXNativeTarget "RallyAppIOS" */ = {
			isa = XCConfigurationList;
			buildConfigurations = (
				284DF3DD29C9FD2400EBFE73 /* Debug */,
				284DF3DE29C9FD2400EBFE73 /* Release */,
			);
			defaultConfigurationIsVisible = 0;
			defaultConfigurationName = Release;
		};
/* End XCConfigurationList section */
	};
	rootObject = 284DF3C029C9FD2200EBFE73 /* Project object */;
}
